
Microsoft Visual Studio Solution File, Format Version 12.00
# Visual Studio Version 16
VisualStudioVersion = 16.0.29509.3
MinimumVisualStudioVersion = 10.0.40219.1
Project("{9A19103F-16F7-4668-BE54-9A1E7A4F7556}") = "BeautyShop", "BeautyShop\BeautyShop.csproj", "{244E7A71-7785-4B66-9FF0-0048765219A3}"
EndProject
Project("{9A19103F-16F7-4668-BE54-9A1E7A4F7556}") = "BeautyShop.Core", "BeautyShop.Core\BeautyShop.Core.csproj", "{262AD913-9D47-43F2-B6EB-4F6AE3B4A18C}"
EndProject
Project("{9A19103F-16F7-4668-BE54-9A1E7A4F7556}") = "BeautyShop.Data", "BeautyShop.Data\BeautyShop.Data.csproj", "{BA97EF60-2BFF-4CA1-B40C-9410639A64B9}"
EndProject
Global
	GlobalSection(SolutionConfigurationPlatforms) = preSolution
		Debug|Any CPU = Debug|Any CPU
		Release|Any CPU = Release|Any CPU
	EndGlobalSection
	GlobalSection(ProjectConfigurationPlatforms) = postSolution
		{244E7A71-7785-4B66-9FF0-0048765219A3}.Debug|Any CPU.ActiveCfg = Debug|Any CPU
		{244E7A71-7785-4B66-9FF0-0048765219A3}.Debug|Any CPU.Build.0 = Debug|Any CPU
		{244E7A71-7785-4B66-9FF0-0048765219A3}.Release|Any CPU.ActiveCfg = Release|Any CPU
		{244E7A71-7785-4B66-9FF0-0048765219A3}.Release|Any CPU.Build.0 = Release|Any CPU
		{262AD913-9D47-43F2-B6EB-4F6AE3B4A18C}.Debug|Any CPU.ActiveCfg = Debug|Any CPU
		{262AD913-9D47-43F2-B6EB-4F6AE3B4A18C}.Debug|Any CPU.Build.0 = Debug|Any CPU
		{262AD913-9D47-43F2-B6EB-4F6AE3B4A18C}.Release|Any CPU.ActiveCfg = Release|Any CPU
		{262AD913-9D47-43F2-B6EB-4F6AE3B4A18C}.Release|Any CPU.Build.0 = Release|Any CPU
		{BA97EF60-2BFF-4CA1-B40C-9410639A64B9}.Debug|Any CPU.ActiveCfg = Debug|Any CPU
		{BA97EF60-2BFF-4CA1-B40C-9410639A64B9}.Debug|Any CPU.Build.0 = Debug|Any CPU
		{BA97EF60-2BFF-4CA1-B40C-9410639A64B9}.Release|Any CPU.ActiveCfg = Release|Any CPU
		{BA97EF60-2BFF-4CA1-B40C-9410639A64B9}.Release|Any CPU.Build.0 = Release|Any CPU
	EndGlobalSection
	GlobalSection(SolutionProperties) = preSolution
		HideSolutionNode = FALSE
	EndGlobalSection
	GlobalSection(ExtensibilityGlobals) = postSolution
		SolutionGuid = {86CD2D75-9460-456A-9BDE-C7765345E7AB}
	EndGlobalSection
EndGlobal
